<Solution>
  <Folder Name="/Adapters/">
    <Project Path="src/Client/Client.csproj" />
    <Project Path="src/Infrastructure/Infrastructure.csproj" />
    <Project Path="src/PresentationKit/PresentationKit.csproj" />
  </Folder>
  <Folder Name="/Apps/">
    <Project Path="src/Api/Api.csproj" />
    <Project Path="src/MobileApp/MobileApp.csproj" />
    <Project Path="src/WebApp/WebApp.csproj" />
  </Folder>
  <Folder Name="/Core/">
    <Project Path="src/Application/Application.csproj" />
    <Project Path="src/Contracts/Contracts.csproj" />
    <Project Path="src/Domain/Domain.csproj" />
  </Folder>
  <Folder Name="/Tests/">
    <Project Path="tests/IntegrationTests/IntegrationTests.csproj" />
    <Project Path="tests/UnitTests/UnitTests.csproj" />
  </Folder>
</Solution>
